
Microsoft Visual Studio Solution File, Format Version 12.00
# Visual Studio 15
VisualStudioVersion = 15.0.27004.2009
MinimumVisualStudioVersion = 10.0.40219.1
Project("{FAE04EC0-301F-11D3-BF4B-00C04F79EFBC}") = "Codeville.Data.Mongo", "Codeville.Data.Mongo\Codeville.Data.Mongo.csproj", "{912882AD-D341-481D-92DD-DAD0511B9C51}"
EndProject
Project("{FAE04EC0-301F-11D3-BF4B-00C04F79EFBC}") = "Codeville.Data.Mongo.Tests", "Codeville.Data.Mongo.Tests\Codeville.Data.Mongo.Tests.csproj", "{EAB113CE-75A7-4B4C-A415-9A6A034D8EBC}"
EndProject
Global
	GlobalSection(SolutionConfigurationPlatforms) = preSolution
		Debug|Any CPU = Debug|Any CPU
		Release|Any CPU = Release|Any CPU
	EndGlobalSection
	GlobalSection(ProjectConfigurationPlatforms) = postSolution
		{912882AD-D341-481D-92DD-DAD0511B9C51}.Debug|Any CPU.ActiveCfg = Debug|Any CPU
		{912882AD-D341-481D-92DD-DAD0511B9C51}.Debug|Any CPU.Build.0 = Debug|Any CPU
		{912882AD-D341-481D-92DD-DAD0511B9C51}.Release|Any CPU.ActiveCfg = Release|Any CPU
		{912882AD-D341-481D-92DD-DAD0511B9C51}.Release|Any CPU.Build.0 = Release|Any CPU
		{EAB113CE-75A7-4B4C-A415-9A6A034D8EBC}.Debug|Any CPU.ActiveCfg = Debug|Any CPU
		{EAB113CE-75A7-4B4C-A415-9A6A034D8EBC}.Debug|Any CPU.Build.0 = Debug|Any CPU
		{EAB113CE-75A7-4B4C-A415-9A6A034D8EBC}.Release|Any CPU.ActiveCfg = Release|Any CPU
		{EAB113CE-75A7-4B4C-A415-9A6A034D8EBC}.Release|Any CPU.Build.0 = Release|Any CPU
	EndGlobalSection
	GlobalSection(SolutionProperties) = preSolution
		HideSolutionNode = FALSE
	EndGlobalSection
	GlobalSection(ExtensibilityGlobals) = postSolution
		SolutionGuid = {B0CAA1C8-19EE-4E2E-A8F8-13E5B2C360B5}
	EndGlobalSection
EndGlobal
